
Microsoft Visual Studio Solution File, Format Version 12.00
# Visual Studio Version 17
VisualStudioVersion = 17.6.33712.159
MinimumVisualStudioVersion = 10.0.40219.1
Project("{FAE04EC0-301F-11D3-BF4B-00C04F79EFBC}") = "ProjeCorePersonel", "ProjeCorePersonel.csproj", "{9CBD5FF9-899E-422B-870C-3AE5A3A27D1E}"
EndProject
Global
	GlobalSection(SolutionConfigurationPlatforms) = preSolution
		Debug|Any CPU = Debug|Any CPU
		Release|Any CPU = Release|Any CPU
	EndGlobalSection
	GlobalSection(ProjectConfigurationPlatforms) = postSolution
		{9CBD5FF9-899E-422B-870C-3AE5A3A27D1E}.Debug|Any CPU.ActiveCfg = Debug|Any CPU
		{9CBD5FF9-899E-422B-870C-3AE5A3A27D1E}.Debug|Any CPU.Build.0 = Debug|Any CPU
		{9CBD5FF9-899E-422B-870C-3AE5A3A27D1E}.Release|Any CPU.ActiveCfg = Release|Any CPU
		{9CBD5FF9-899E-422B-870C-3AE5A3A27D1E}.Release|Any CPU.Build.0 = Release|Any CPU
	EndGlobalSection
	GlobalSection(SolutionProperties) = preSolution
		HideSolutionNode = FALSE
	EndGlobalSection
	GlobalSection(ExtensibilityGlobals) = postSolution
		SolutionGuid = {8DCB37A8-61DD-49C6-978F-463B92E6A68D}
	EndGlobalSection
EndGlobal
